
Microsoft Visual Studio Solution File, Format Version 12.00
# Visual Studio 15
VisualStudioVersion = 15.0.26730.16
MinimumVisualStudioVersion = 10.0.40219.1
Project("{FAE04EC0-301F-11D3-BF4B-00C04F79EFBC}") = "Cash Register", "Cash Register\Cash Register.csproj", "{B9BDC216-9DF7-4B43-B8FB-6CE57EF54297}"
EndProject
Global
	GlobalSection(SolutionConfigurationPlatforms) = preSolution
		Debug|Any CPU = Debug|Any CPU
		Release|Any CPU = Release|Any CPU
	EndGlobalSection
	GlobalSection(ProjectConfigurationPlatforms) = postSolution
		{B9BDC216-9DF7-4B43-B8FB-6CE57EF54297}.Debug|Any CPU.ActiveCfg = Debug|Any CPU
		{B9BDC216-9DF7-4B43-B8FB-6CE57EF54297}.Debug|Any CPU.Build.0 = Debug|Any CPU
		{B9BDC216-9DF7-4B43-B8FB-6CE57EF54297}.Release|Any CPU.ActiveCfg = Release|Any CPU
		{B9BDC216-9DF7-4B43-B8FB-6CE57EF54297}.Release|Any CPU.Build.0 = Release|Any CPU
	EndGlobalSection
	GlobalSection(SolutionProperties) = preSolution
		HideSolutionNode = FALSE
	EndGlobalSection
	GlobalSection(ExtensibilityGlobals) = postSolution
		SolutionGuid = {76765521-F862-499B-934C-14E6C38D50CD}
	EndGlobalSection
EndGlobal
